// !$*UTF8*$!
{
	archiveVersion = 1;
	classes = {
	};
	objectVersion = 50;
	objects = {

/* Begin PBXBuildFile section */
		0F833BCCEC79CC2A1A4CCBB0 /* Pods_TrainBrain.framework in Frameworks */ = {isa = PBXBuildFile; fileRef = A32F8B2BA786C46E4CD2878E /* Pods_TrainBrain.framework */; };
		1E006DFB269D1B8300893173 /* TrainBrainApp.swift in Sources */ = {isa = PBXBuildFile; fileRef = 1E006DFA269D1B8300893173 /* TrainBrainApp.swift */; };
		1E006DFD269D1B8300893173 /* GameView.swift in Sources */ = {isa = PBXBuildFile; fileRef = 1E006DFC269D1B8300893173 /* GameView.swift */; };
		1E006DFF269D1B8D00893173 /* Assets.xcassets in Resources */ = {isa = PBXBuildFile; fileRef = 1E006DFE269D1B8D00893173 /* Assets.xcassets */; };
		1E006E02269D1B8D00893173 /* Preview Assets.xcassets in Resources */ = {isa = PBXBuildFile; fileRef = 1E006E01269D1B8D00893173 /* Preview Assets.xcassets */; };
		1E006E10269D73C100893173 /* GameModel.swift in Sources */ = {isa = PBXBuildFile; fileRef = 1E006E0F269D73C100893173 /* GameModel.swift */; };
		1E006E13269D752300893173 /* GameViewModel.swift in Sources */ = {isa = PBXBuildFile; fileRef = 1E006E12269D752300893173 /* GameViewModel.swift */; };
		1E7218EA26A0664E00373482 /* MainView.swift in Sources */ = {isa = PBXBuildFile; fileRef = 1E7218E926A0664E00373482 /* MainView.swift */; };
		1EC8498A269FCCF900C1169F /* .swiftlint.yml in Resources */ = {isa = PBXBuildFile; fileRef = 1EC84989269FCCF900C1169F /* .swiftlint.yml */; };
		1EC8499126A00BE300C1169F /* Color+Extension.swift in Sources */ = {isa = PBXBuildFile; fileRef = 1EC8499026A00BE300C1169F /* Color+Extension.swift */; };
		1EC8499326A0172400C1169F /* GameManager.swift in Sources */ = {isa = PBXBuildFile; fileRef = 1EC8499226A0172400C1169F /* GameManager.swift */; };
		1EC8499526A0443500C1169F /* CardView.swift in Sources */ = {isa = PBXBuildFile; fileRef = 1EC8499426A0443500C1169F /* CardView.swift */; };
		1EC8499926A0455100C1169F /* TwoButtonPopupView.swift in Sources */ = {isa = PBXBuildFile; fileRef = 1EC8499826A0455100C1169F /* TwoButtonPopupView.swift */; };
		1EF31C43269E707600F21916 /* AspectVGrid.swift in Sources */ = {isa = PBXBuildFile; fileRef = 1EF31C42269E707600F21916 /* AspectVGrid.swift */; };
		1EF31C45269E790D00F21916 /* Pie.swift in Sources */ = {isa = PBXBuildFile; fileRef = 1EF31C44269E790D00F21916 /* Pie.swift */; };
		1EF31C47269EA84100F21916 /* Cardify.swift in Sources */ = {isa = PBXBuildFile; fileRef = 1EF31C46269EA84100F21916 /* Cardify.swift */; };
/* End PBXBuildFile section */

/* Begin PBXFileReference section */
		1E006DF7269D1B8300893173 /* TrainBrain.app */ = {isa = PBXFileReference; explicitFileType = wrapper.application; includeInIndex = 0; path = TrainBrain.app; sourceTree = BUILT_PRODUCTS_DIR; };
		1E006DFA269D1B8300893173 /* TrainBrainApp.swift */ = {isa = PBXFileReference; lastKnownFileType = sourcecode.swift; path = TrainBrainApp.swift; sourceTree = "<group>"; };
		1E006DFC269D1B8300893173 /* GameView.swift */ = {isa = PBXFileReference; lastKnownFileType = sourcecode.swift; path = GameView.swift; sourceTree = "<group>"; };
		1E006DFE269D1B8D00893173 /* Assets.xcassets */ = {isa = PBXFileReference; lastKnownFileType = folder.assetcatalog; path = Assets.xcassets; sourceTree = "<group>"; };
		1E006E01269D1B8D00893173 /* Preview Assets.xcassets */ = {isa = PBXFileReference; lastKnownFileType = folder.assetcatalog; path = "Preview Assets.xcassets"; sourceTree = "<group>"; };
		1E006E03269D1B8D00893173 /* Info.plist */ = {isa = PBXFileReference; lastKnownFileType = text.plist.xml; path = Info.plist; sourceTree = "<group>"; };
		1E006E0F269D73C100893173 /* GameModel.swift */ = {isa = PBXFileReference; lastKnownFileType = sourcecode.swift; path = GameModel.swift; sourceTree = "<group>"; };
		1E006E12269D752300893173 /* GameViewModel.swift */ = {isa = PBXFileReference; lastKnownFileType = sourcecode.swift; path = GameViewModel.swift; sourceTree = "<group>"; };
		1E7218E926A0664E00373482 /* MainView.swift */ = {isa = PBXFileReference; lastKnownFileType = sourcecode.swift; path = MainView.swift; sourceTree = "<group>"; };
		1EC84989269FCCF900C1169F /* .swiftlint.yml */ = {isa = PBXFileReference; lastKnownFileType = text.yaml; path = .swiftlint.yml; sourceTree = "<group>"; };
		1EC8499026A00BE300C1169F /* Color+Extension.swift */ = {isa = PBXFileReference; lastKnownFileType = sourcecode.swift; path = "Color+Extension.swift"; sourceTree = "<group>"; };
		1EC8499226A0172400C1169F /* GameManager.swift */ = {isa = PBXFileReference; lastKnownFileType = sourcecode.swift; path = GameManager.swift; sourceTree = "<group>"; };
		1EC8499426A0443500C1169F /* CardView.swift */ = {isa = PBXFileReference; lastKnownFileType = sourcecode.swift; path = CardView.swift; sourceTree = "<group>"; };
		1EC8499826A0455100C1169F /* TwoButtonPopupView.swift */ = {isa = PBXFileReference; lastKnownFileType = sourcecode.swift; path = TwoButtonPopupView.swift; sourceTree = "<group>"; };
		1EF31C42269E707600F21916 /* AspectVGrid.swift */ = {isa = PBXFileReference; lastKnownFileType = sourcecode.swift; path = AspectVGrid.swift; sourceTree = "<group>"; };
		1EF31C44269E790D00F21916 /* Pie.swift */ = {isa = PBXFileReference; lastKnownFileType = sourcecode.swift; path = Pie.swift; sourceTree = "<group>"; };
		1EF31C46269EA84100F21916 /* Cardify.swift */ = {isa = PBXFileReference; lastKnownFileType = sourcecode.swift; path = Cardify.swift; sourceTree = "<group>"; };
		7F60A09A4799E7538B50A4E7 /* Pods-TrainBrain.release.xcconfig */ = {isa = PBXFileReference; includeInIndex = 1; lastKnownFileType = text.xcconfig; name = "Pods-TrainBrain.release.xcconfig"; path = "Target Support Files/Pods-TrainBrain/Pods-TrainBrain.release.xcconfig"; sourceTree = "<group>"; };
		A32F8B2BA786C46E4CD2878E /* Pods_TrainBrain.framework */ = {isa = PBXFileReference; explicitFileType = wrapper.framework; includeInIndex = 0; path = Pods_TrainBrain.framework; sourceTree = BUILT_PRODUCTS_DIR; };
		A5A37C0945280D5AAE824045 /* Pods-TrainBrain.debug.xcconfig */ = {isa = PBXFileReference; includeInIndex = 1; lastKnownFileType = text.xcconfig; name = "Pods-TrainBrain.debug.xcconfig"; path = "Target Support Files/Pods-TrainBrain/Pods-TrainBrain.debug.xcconfig"; sourceTree = "<group>"; };
/* End PBXFileReference section */

/* Begin PBXFrameworksBuildPhase section */
		1E006DF4269D1B8300893173 /* Frameworks */ = {
			isa = PBXFrameworksBuildPhase;
			buildActionMask = 2147483647;
			files = (
				0F833BCCEC79CC2A1A4CCBB0 /* Pods_TrainBrain.framework in Frameworks */,
			);
			runOnlyForDeploymentPostprocessing = 0;
		};
/* End PBXFrameworksBuildPhase section */

/* Begin PBXGroup section */
		1E006DEE269D1B8300893173 = {
			isa = PBXGroup;
			children = (
				1E006DF9269D1B8300893173 /* TrainBrain */,
				1E006DF8269D1B8300893173 /* Products */,
				7B20696FA0E6FCAE839E784C /* Pods */,
				378BBB8AE42897FEB4B9E66F /* Frameworks */,
			);
			sourceTree = "<group>";
		};
		1E006DF8269D1B8300893173 /* Products */ = {
			isa = PBXGroup;
			children = (
				1E006DF7269D1B8300893173 /* TrainBrain.app */,
			);
			name = Products;
			sourceTree = "<group>";
		};
		1E006DF9269D1B8300893173 /* TrainBrain */ = {
			isa = PBXGroup;
			children = (
				1EC8498E26A00BA600C1169F /* View */,
				1EC8498D26A00B9C00C1169F /* ViewModel */,
				1EC8498C26A00B9900C1169F /* Model */,
				1EC8498B26A00B9600C1169F /* Common */,
				1E006DFE269D1B8D00893173 /* Assets.xcassets */,
				1E006E03269D1B8D00893173 /* Info.plist */,
				1E006E00269D1B8D00893173 /* Preview Content */,
				1EC84989269FCCF900C1169F /* .swiftlint.yml */,
			);
			path = TrainBrain;
			sourceTree = "<group>";
		};
		1E006E00269D1B8D00893173 /* Preview Content */ = {
			isa = PBXGroup;
			children = (
				1E006E01269D1B8D00893173 /* Preview Assets.xcassets */,
			);
			path = "Preview Content";
			sourceTree = "<group>";
		};
		1EC8498B26A00B9600C1169F /* Common */ = {
			isa = PBXGroup;
			children = (
				1EC8499226A0172400C1169F /* GameManager.swift */,
				1E006DFA269D1B8300893173 /* TrainBrainApp.swift */,
				1EC8498F26A00BC700C1169F /* Extension */,
			);
			path = Common;
			sourceTree = "<group>";
		};
		1EC8498C26A00B9900C1169F /* Model */ = {
			isa = PBXGroup;
			children = (
				1E006E0F269D73C100893173 /* GameModel.swift */,
			);
			path = Model;
			sourceTree = "<group>";
		};
		1EC8498D26A00B9C00C1169F /* ViewModel */ = {
			isa = PBXGroup;
			children = (
				1E006E12269D752300893173 /* GameViewModel.swift */,
			);
			path = ViewModel;
			sourceTree = "<group>";
		};
		1EC8498E26A00BA600C1169F /* View */ = {
			isa = PBXGroup;
			children = (
				1E006DFC269D1B8300893173 /* GameView.swift */,
				1EF31C42269E707600F21916 /* AspectVGrid.swift */,
				1EF31C44269E790D00F21916 /* Pie.swift */,
				1EF31C46269EA84100F21916 /* Cardify.swift */,
				1EC8499426A0443500C1169F /* CardView.swift */,
				1EC8499826A0455100C1169F /* TwoButtonPopupView.swift */,
				1E7218E926A0664E00373482 /* MainView.swift */,
			);
			path = View;
			sourceTree = "<group>";
		};
		1EC8498F26A00BC700C1169F /* Extension */ = {
			isa = PBXGroup;
			children = (
				1EC8499026A00BE300C1169F /* Color+Extension.swift */,
			);
			path = Extension;
			sourceTree = "<group>";
		};
		378BBB8AE42897FEB4B9E66F /* Frameworks */ = {
			isa = PBXGroup;
			children = (
				A32F8B2BA786C46E4CD2878E /* Pods_TrainBrain.framework */,
			);
			name = Frameworks;
			sourceTree = "<group>";
		};
		7B20696FA0E6FCAE839E784C /* Pods */ = {
			isa = PBXGroup;
			children = (
				A5A37C0945280D5AAE824045 /* Pods-TrainBrain.debug.xcconfig */,
				7F60A09A4799E7538B50A4E7 /* Pods-TrainBrain.release.xcconfig */,
			);
			path = Pods;
			sourceTree = "<group>";
		};
/* End PBXGroup section */

/* Begin PBXNativeTarget section */
		1E006DF6269D1B8300893173 /* TrainBrain */ = {
			isa = PBXNativeTarget;
			buildConfigurationList = 1E006E06269D1B8D00893173 /* Build configuration list for PBXNativeTarget "TrainBrain" */;
			buildPhases = (
				8DBFC2B450CA952068F52BAE /* [CP] Check Pods Manifest.lock */,
				1E006DF3269D1B8300893173 /* Sources */,
				1E006DF4269D1B8300893173 /* Frameworks */,
				1E006DF5269D1B8300893173 /* Resources */,
				1EC84988269FCB6100C1169F /* ShellScript */,
			);
			buildRules = (
			);
			dependencies = (
			);
			name = TrainBrain;
			productName = TrainBrain;
			productReference = 1E006DF7269D1B8300893173 /* TrainBrain.app */;
			productType = "com.apple.product-type.application";
		};
/* End PBXNativeTarget section */

/* Begin PBXProject section */
		1E006DEF269D1B8300893173 /* Project object */ = {
			isa = PBXProject;
			attributes = {
				LastSwiftUpdateCheck = 1240;
				LastUpgradeCheck = 1240;
				TargetAttributes = {
					1E006DF6269D1B8300893173 = {
						CreatedOnToolsVersion = 12.4;
					};
				};
			};
			buildConfigurationList = 1E006DF2269D1B8300893173 /* Build configuration list for PBXProject "TrainBrain" */;
			compatibilityVersion = "Xcode 9.3";
			developmentRegion = en;
			hasScannedForEncodings = 0;
			knownRegions = (
				en,
				Base,
			);
			mainGroup = 1E006DEE269D1B8300893173;
			productRefGroup = 1E006DF8269D1B8300893173 /* Products */;
			projectDirPath = "";
			projectRoot = "";
			targets = (
				1E006DF6269D1B8300893173 /* TrainBrain */,
			);
		};
/* End PBXProject section */

/* Begin PBXResourcesBuildPhase section */
		1E006DF5269D1B8300893173 /* Resources */ = {
			isa = PBXResourcesBuildPhase;
			buildActionMask = 2147483647;
			files = (
				1EC8498A269FCCF900C1169F /* .swiftlint.yml in Resources */,
				1E006E02269D1B8D00893173 /* Preview Assets.xcassets in Resources */,
				1E006DFF269D1B8D00893173 /* Assets.xcassets in Resources */,
			);
			runOnlyForDeploymentPostprocessing = 0;
		};
/* End PBXResourcesBuildPhase section */

/* Begin PBXShellScriptBuildPhase section */
		1EC84988269FCB6100C1169F /* ShellScript */ = {
			isa = PBXShellScriptBuildPhase;
			buildActionMask = 2147483647;
			files = (
			);
			inputFileListPaths = (
			);
			inputPaths = (
			);
			outputFileListPaths = (
			);
			outputPaths = (
			);
			runOnlyForDeploymentPostprocessing = 0;
			shellPath = /bin/sh;
			shellScript = "# Type a script or drag a script file from your workspace to insert its path.\n${PODS_ROOT}/SwiftLint/swiftlint\n";
		};
		8DBFC2B450CA952068F52BAE /* [CP] Check Pods Manifest.lock */ = {
			isa = PBXShellScriptBuildPhase;
			buildActionMask = 2147483647;
			files = (
			);
			inputFileListPaths = (
			);
			inputPaths = (
				"${PODS_PODFILE_DIR_PATH}/Podfile.lock",
				"${PODS_ROOT}/Manifest.lock",
			);
			name = "[CP] Check Pods Manifest.lock";
			outputFileListPaths = (
			);
			outputPaths = (
				"$(DERIVED_FILE_DIR)/Pods-TrainBrain-checkManifestLockResult.txt",
			);
			runOnlyForDeploymentPostprocessing = 0;
			shellPath = /bin/sh;
			shellScript = "diff \"${PODS_PODFILE_DIR_PATH}/Podfile.lock\" \"${PODS_ROOT}/Manifest.lock\" > /dev/null\nif [ $? != 0 ] ; then\n    # print error to STDERR\n    echo \"error: The sandbox is not in sync with the Podfile.lock. Run 'pod install' or update your CocoaPods installation.\" >&2\n    exit 1\nfi\n# This output is used by Xcode 'outputs' to avoid re-running this script phase.\necho \"SUCCESS\" > \"${SCRIPT_OUTPUT_FILE_0}\"\n";
			showEnvVarsInLog = 0;
		};
/* End PBXShellScriptBuildPhase section */

/* Begin PBXSourcesBuildPhase section */
		1E006DF3269D1B8300893173 /* Sources */ = {
			isa = PBXSourcesBuildPhase;
			buildActionMask = 2147483647;
			files = (
				1EC8499926A0455100C1169F /* TwoButtonPopupView.swift in Sources */,
				1E7218EA26A0664E00373482 /* MainView.swift in Sources */,
				1EF31C45269E790D00F21916 /* Pie.swift in Sources */,
				1EC8499326A0172400C1169F /* GameManager.swift in Sources */,
				1EF31C47269EA84100F21916 /* Cardify.swift in Sources */,
				1E006E13269D752300893173 /* GameViewModel.swift in Sources */,
				1EC8499526A0443500C1169F /* CardView.swift in Sources */,
				1E006DFD269D1B8300893173 /* GameView.swift in Sources */,
				1E006DFB269D1B8300893173 /* TrainBrainApp.swift in Sources */,
				1EF31C43269E707600F21916 /* AspectVGrid.swift in Sources */,
				1E006E10269D73C100893173 /* GameModel.swift in Sources */,
				1EC8499126A00BE300C1169F /* Color+Extension.swift in Sources */,
			);
			runOnlyForDeploymentPostprocessing = 0;
		};
/* End PBXSourcesBuildPhase section */

/* Begin XCBuildConfiguration section */
		1E006E04269D1B8D00893173 /* Debug */ = {
			isa = XCBuildConfiguration;
			buildSettings = {
				ALWAYS_SEARCH_USER_PATHS = NO;
				CLANG_ANALYZER_NONNULL = YES;
				CLANG_ANALYZER_NUMBER_OBJECT_CONVERSION = YES_AGGRESSIVE;
				CLANG_CXX_LANGUAGE_STANDARD = "gnu++14";
				CLANG_CXX_LIBRARY = "libc++";
				CLANG_ENABLE_MODULES = YES;
				CLANG_ENABLE_OBJC_ARC = YES;
				CLANG_ENABLE_OBJC_WEAK = YES;
				CLANG_WARN_BLOCK_CAPTURE_AUTORELEASING = YES;
				CLANG_WARN_BOOL_CONVERSION = YES;
				CLANG_WARN_COMMA = YES;
				CLANG_WARN_CONSTANT_CONVERSION = YES;
				CLANG_WARN_DEPRECATED_OBJC_IMPLEMENTATIONS = YES;
				CLANG_WARN_DIRECT_OBJC_ISA_USAGE = YES_ERROR;
				CLANG_WARN_DOCUMENTATION_COMMENTS = YES;
				CLANG_WARN_EMPTY_BODY = YES;
				CLANG_WARN_ENUM_CONVERSION = YES;
				CLANG_WARN_INFINITE_RECURSION = YES;
				CLANG_WARN_INT_CONVERSION = YES;
				CLANG_WARN_NON_LITERAL_NULL_CONVERSION = YES;
				CLANG_WARN_OBJC_IMPLICIT_RETAIN_SELF = YES;
				CLANG_WARN_OBJC_LITERAL_CONVERSION = YES;
				CLANG_WARN_OBJC_ROOT_CLASS = YES_ERROR;
				CLANG_WARN_QUOTED_INCLUDE_IN_FRAMEWORK_HEADER = YES;
				CLANG_WARN_RANGE_LOOP_ANALYSIS = YES;
				CLANG_WARN_STRICT_PROTOTYPES = YES;
				CLANG_WARN_SUSPICIOUS_MOVE = YES;
				CLANG_WARN_UNGUARDED_AVAILABILITY = YES_AGGRESSIVE;
				CLANG_WARN_UNREACHABLE_CODE = YES;
				CLANG_WARN__DUPLICATE_METHOD_MATCH = YES;
				COPY_PHASE_STRIP = NO;
				DEBUG_INFORMATION_FORMAT = dwarf;
				ENABLE_STRICT_OBJC_MSGSEND = YES;
				ENABLE_TESTABILITY = YES;
				GCC_C_LANGUAGE_STANDARD = gnu11;
				GCC_DYNAMIC_NO_PIC = NO;
				GCC_NO_COMMON_BLOCKS = YES;
				GCC_OPTIMIZATION_LEVEL = 0;
				GCC_PREPROCESSOR_DEFINITIONS = (
					"DEBUG=1",
					"$(inherited)",
				);
				GCC_WARN_64_TO_32_BIT_CONVERSION = YES;
				GCC_WARN_ABOUT_RETURN_TYPE = YES_ERROR;
				GCC_WARN_UNDECLARED_SELECTOR = YES;
				GCC_WARN_UNINITIALIZED_AUTOS = YES_AGGRESSIVE;
				GCC_WARN_UNUSED_FUNCTION = YES;
				GCC_WARN_UNUSED_VARIABLE = YES;
				IPHONEOS_DEPLOYMENT_TARGET = 14.4;
				MTL_ENABLE_DEBUG_INFO = INCLUDE_SOURCE;
				MTL_FAST_MATH = YES;
				ONLY_ACTIVE_ARCH = YES;
				SDKROOT = iphoneos;
				SWIFT_ACTIVE_COMPILATION_CONDITIONS = DEBUG;
				SWIFT_OPTIMIZATION_LEVEL = "-Onone";
			};
			name = Debug;
		};
		1E006E05269D1B8D00893173 /* Release */ = {
			isa = XCBuildConfiguration;
			buildSettings = {
				ALWAYS_SEARCH_USER_PATHS = NO;
				CLANG_ANALYZER_NONNULL = YES;
				CLANG_ANALYZER_NUMBER_OBJECT_CONVERSION = YES_AGGRESSIVE;
				CLANG_CXX_LANGUAGE_STANDARD = "gnu++14";
				CLANG_CXX_LIBRARY = "libc++";
				CLANG_ENABLE_MODULES = YES;
				CLANG_ENABLE_OBJC_ARC = YES;
				CLANG_ENABLE_OBJC_WEAK = YES;
				CLANG_WARN_BLOCK_CAPTURE_AUTORELEASING = YES;
				CLANG_WARN_BOOL_CONVERSION = YES;
				CLANG_WARN_COMMA = YES;
				CLANG_WARN_CONSTANT_CONVERSION = YES;
				CLANG_WARN_DEPRECATED_OBJC_IMPLEMENTATIONS = YES;
				CLANG_WARN_DIRECT_OBJC_ISA_USAGE = YES_ERROR;
				CLANG_WARN_DOCUMENTATION_COMMENTS = YES;
				CLANG_WARN_EMPTY_BODY = YES;
				CLANG_WARN_ENUM_CONVERSION = YES;
				CLANG_WARN_INFINITE_RECURSION = YES;
				CLANG_WARN_INT_CONVERSION = YES;
				CLANG_WARN_NON_LITERAL_NULL_CONVERSION = YES;
				CLANG_WARN_OBJC_IMPLICIT_RETAIN_SELF = YES;
				CLANG_WARN_OBJC_LITERAL_CONVERSION = YES;
				CLANG_WARN_OBJC_ROOT_CLASS = YES_ERROR;
				CLANG_WARN_QUOTED_INCLUDE_IN_FRAMEWORK_HEADER = YES;
				CLANG_WARN_RANGE_LOOP_ANALYSIS = YES;
				CLANG_WARN_STRICT_PROTOTYPES = YES;
				CLANG_WARN_SUSPICIOUS_MOVE = YES;
				CLANG_WARN_UNGUARDED_AVAILABILITY = YES_AGGRESSIVE;
				CLANG_WARN_UNREACHABLE_CODE = YES;
				CLANG_WARN__DUPLICATE_METHOD_MATCH = YES;
				COPY_PHASE_STRIP = NO;
				DEBUG_INFORMATION_FORMAT = "dwarf-with-dsym";
				ENABLE_NS_ASSERTIONS = NO;
				ENABLE_STRICT_OBJC_MSGSEND = YES;
				GCC_C_LANGUAGE_STANDARD = gnu11;
				GCC_NO_COMMON_BLOCKS = YES;
				GCC_WARN_64_TO_32_BIT_CONVERSION = YES;
				GCC_WARN_ABOUT_RETURN_TYPE = YES_ERROR;
				GCC_WARN_UNDECLARED_SELECTOR = YES;
				GCC_WARN_UNINITIALIZED_AUTOS = YES_AGGRESSIVE;
				GCC_WARN_UNUSED_FUNCTION = YES;
				GCC_WARN_UNUSED_VARIABLE = YES;
				IPHONEOS_DEPLOYMENT_TARGET = 14.4;
				MTL_ENABLE_DEBUG_INFO = NO;
				MTL_FAST_MATH = YES;
				SDKROOT = iphoneos;
				SWIFT_COMPILATION_MODE = wholemodule;
				SWIFT_OPTIMIZATION_LEVEL = "-O";
				VALIDATE_PRODUCT = YES;
			};
			name = Release;
		};
		1E006E07269D1B8D00893173 /* Debug */ = {
			isa = XCBuildConfiguration;
			baseConfigurationReference = A5A37C0945280D5AAE824045 /* Pods-TrainBrain.debug.xcconfig */;
			buildSettings = {
				ASSETCATALOG_COMPILER_APPICON_NAME = AppIcon;
				ASSETCATALOG_COMPILER_GLOBAL_ACCENT_COLOR_NAME = AccentColor;
				CODE_SIGN_STYLE = Automatic;
				DEVELOPMENT_ASSET_PATHS = "\"TrainBrain/Preview Content\"";
				DEVELOPMENT_TEAM = 4FTFKXF8N5;
				ENABLE_PREVIEWS = YES;
				INFOPLIST_FILE = TrainBrain/Info.plist;
				IPHONEOS_DEPLOYMENT_TARGET = 14.0;
				LD_RUNPATH_SEARCH_PATHS = (
					"$(inherited)",
					"@executable_path/Frameworks",
				);
				PRODUCT_BUNDLE_IDENTIFIER = com.jeongminkim.TrainBrain;
				PRODUCT_NAME = "$(TARGET_NAME)";
				SWIFT_VERSION = 5.0;
				TARGETED_DEVICE_FAMILY = "1,2";
			};
			name = Debug;
		};
		1E006E08269D1B8D00893173 /* Release */ = {
			isa = XCBuildConfiguration;
			baseConfigurationReference = 7F60A09A4799E7538B50A4E7 /* Pods-TrainBrain.release.xcconfig */;
			buildSettings = {
				ASSETCATALOG_COMPILER_APPICON_NAME = AppIcon;
				ASSETCATALOG_COMPILER_GLOBAL_ACCENT_COLOR_NAME = AccentColor;
				CODE_SIGN_STYLE = Automatic;
				DEVELOPMENT_ASSET_PATHS = "\"TrainBrain/Preview Content\"";
				DEVELOPMENT_TEAM = 4FTFKXF8N5;
				ENABLE_PREVIEWS = YES;
				INFOPLIST_FILE = TrainBrain/Info.plist;
				IPHONEOS_DEPLOYMENT_TARGET = 14.0;
				LD_RUNPATH_SEARCH_PATHS = (
					"$(inherited)",
					"@executable_path/Frameworks",
				);
				PRODUCT_BUNDLE_IDENTIFIER = com.jeongminkim.TrainBrain;
				PRODUCT_NAME = "$(TARGET_NAME)";
				SWIFT_VERSION = 5.0;
				TARGETED_DEVICE_FAMILY = "1,2";
			};
			name = Release;
		};
/* End XCBuildConfiguration section */

/* Begin XCConfigurationList section */
		1E006DF2269D1B8300893173 /* Build configuration list for PBXProject "TrainBrain" */ = {
			isa = XCConfigurationList;
			buildConfigurations = (
				1E006E04269D1B8D00893173 /* Debug */,
				1E006E05269D1B8D00893173 /* Release */,
			);
			defaultConfigurationIsVisible = 0;
			defaultConfigurationName = Release;
		};
		1E006E06269D1B8D00893173 /* Build configuration list for PBXNativeTarget "TrainBrain" */ = {
			isa = XCConfigurationList;
			buildConfigurations = (
				1E006E07269D1B8D00893173 /* Debug */,
				1E006E08269D1B8D00893173 /* Release */,
			);
			defaultConfigurationIsVisible = 0;
			defaultConfigurationName = Release;
		};
/* End XCConfigurationList section */
	};
	rootObject = 1E006DEF269D1B8300893173 /* Project object */;
}
